// !$*UTF8*$!
{
	archiveVersion = 1;
	classes = {
	};
	objectVersion = 46;
	objects = {

/* Begin PBXBuildFile section */
		6D3189C0187C422A00994DDF /* Foundation.framework in Frameworks */ = {isa = PBXBuildFile; fileRef = 6D3189BF187C422A00994DDF /* Foundation.framework */; };
		6D3189C2187C422A00994DDF /* CoreGraphics.framework in Frameworks */ = {isa = PBXBuildFile; fileRef = 6D3189C1187C422A00994DDF /* CoreGraphics.framework */; };
		6D3189C4187C422A00994DDF /* UIKit.framework in Frameworks */ = {isa = PBXBuildFile; fileRef = 6D3189C3187C422A00994DDF /* UIKit.framework */; };
		6D3189CA187C422A00994DDF /* InfoPlist.strings in Resources */ = {isa = PBXBuildFile; fileRef = 6D3189C8187C422A00994DDF /* InfoPlist.strings */; };
		6D3189CC187C422A00994DDF /* main.m in Sources */ = {isa = PBXBuildFile; fileRef = 6D3189CB187C422A00994DDF /* main.m */; };
		6D3189D0187C422A00994DDF /* RWAppDelegate.m in Sources */ = {isa = PBXBuildFile; fileRef = 6D3189CF187C422A00994DDF /* RWAppDelegate.m */; };
		6D3189D9187C422A00994DDF /* XCTest.framework in Frameworks */ = {isa = PBXBuildFile; fileRef = 6D3189D8187C422A00994DDF /* XCTest.framework */; };
		6D3189DA187C422A00994DDF /* Foundation.framework in Frameworks */ = {isa = PBXBuildFile; fileRef = 6D3189BF187C422A00994DDF /* Foundation.framework */; };
		6D3189DB187C422A00994DDF /* UIKit.framework in Frameworks */ = {isa = PBXBuildFile; fileRef = 6D3189C3187C422A00994DDF /* UIKit.framework */; };
		6D3189E3187C422A00994DDF /* InfoPlist.strings in Resources */ = {isa = PBXBuildFile; fileRef = 6D3189E1187C422A00994DDF /* InfoPlist.strings */; };
		6D3189E5187C422A00994DDF /* UDoTests.m in Sources */ = {isa = PBXBuildFile; fileRef = 6D3189E4187C422A00994DDF /* UDoTests.m */; };
		6D3189F1187C427400994DDF /* RWTableViewController.m in Sources */ = {isa = PBXBuildFile; fileRef = 6D3189F0187C427400994DDF /* RWTableViewController.m */; };
		6D3189F3187C42A800994DDF /* Images.xcassets in Resources */ = {isa = PBXBuildFile; fileRef = 6D3189F2187C42A800994DDF /* Images.xcassets */; };
		6D3189F5187C42BD00994DDF /* Storyboard.storyboard in Resources */ = {isa = PBXBuildFile; fileRef = 6D3189F4187C42BD00994DDF /* Storyboard.storyboard */; };
		6D3189F8187C438B00994DDF /* UIAlertView+RWBlock.m in Sources */ = {isa = PBXBuildFile; fileRef = 6D3189F7187C438B00994DDF /* UIAlertView+RWBlock.m */; };
/* End PBXBuildFile section */

/* Begin PBXContainerItemProxy section */
		6D3189DC187C422A00994DDF /* PBXContainerItemProxy */ = {
			isa = PBXContainerItemProxy;
			containerPortal = 6D3189B4187C422A00994DDF /* Project object */;
			proxyType = 1;
			remoteGlobalIDString = 6D3189BB187C422A00994DDF;
			remoteInfo = UDo;
		};
/* End PBXContainerItemProxy section */

/* Begin PBXFileReference section */
		6D3189BC187C422A00994DDF /* UDo.app */ = {isa = PBXFileReference; explicitFileType = wrapper.application; includeInIndex = 0; path = UDo.app; sourceTree = BUILT_PRODUCTS_DIR; };
		6D3189BF187C422A00994DDF /* Foundation.framework */ = {isa = PBXFileReference; lastKnownFileType = wrapper.framework; name = Foundation.framework; path = System/Library/Frameworks/Foundation.framework; sourceTree = SDKROOT; };
		6D3189C1187C422A00994DDF /* CoreGraphics.framework */ = {isa = PBXFileReference; lastKnownFileType = wrapper.framework; name = CoreGraphics.framework; path = System/Library/Frameworks/CoreGraphics.framework; sourceTree = SDKROOT; };
		6D3189C3187C422A00994DDF /* UIKit.framework */ = {isa = PBXFileReference; lastKnownFileType = wrapper.framework; name = UIKit.framework; path = System/Library/Frameworks/UIKit.framework; sourceTree = SDKROOT; };
		6D3189C7187C422A00994DDF /* UDo-Info.plist */ = {isa = PBXFileReference; lastKnownFileType = text.plist.xml; path = "UDo-Info.plist"; sourceTree = "<group>"; };
		6D3189C9187C422A00994DDF /* en */ = {isa = PBXFileReference; lastKnownFileType = text.plist.strings; name = en; path = en.lproj/InfoPlist.strings; sourceTree = "<group>"; };
		6D3189CB187C422A00994DDF /* main.m */ = {isa = PBXFileReference; lastKnownFileType = sourcecode.c.objc; path = main.m; sourceTree = "<group>"; };
		6D3189CD187C422A00994DDF /* UDo-Prefix.pch */ = {isa = PBXFileReference; lastKnownFileType = sourcecode.c.h; path = "UDo-Prefix.pch"; sourceTree = "<group>"; };
		6D3189CE187C422A00994DDF /* RWAppDelegate.h */ = {isa = PBXFileReference; lastKnownFileType = sourcecode.c.h; path = RWAppDelegate.h; sourceTree = "<group>"; };
		6D3189CF187C422A00994DDF /* RWAppDelegate.m */ = {isa = PBXFileReference; lastKnownFileType = sourcecode.c.objc; path = RWAppDelegate.m; sourceTree = "<group>"; };
		6D3189D7187C422A00994DDF /* UDoTests.xctest */ = {isa = PBXFileReference; explicitFileType = wrapper.cfbundle; includeInIndex = 0; path = UDoTests.xctest; sourceTree = BUILT_PRODUCTS_DIR; };
		6D3189D8187C422A00994DDF /* XCTest.framework */ = {isa = PBXFileReference; lastKnownFileType = wrapper.framework; name = XCTest.framework; path = Library/Frameworks/XCTest.framework; sourceTree = DEVELOPER_DIR; };
		6D3189E0187C422A00994DDF /* UDoTests-Info.plist */ = {isa = PBXFileReference; lastKnownFileType = text.plist.xml; path = "UDoTests-Info.plist"; sourceTree = "<group>"; };
		6D3189E2187C422A00994DDF /* en */ = {isa = PBXFileReference; lastKnownFileType = text.plist.strings; name = en; path = en.lproj/InfoPlist.strings; sourceTree = "<group>"; };
		6D3189E4187C422A00994DDF /* UDoTests.m */ = {isa = PBXFileReference; lastKnownFileType = sourcecode.c.objc; path = UDoTests.m; sourceTree = "<group>"; };
		6D3189EF187C427400994DDF /* RWTableViewController.h */ = {isa = PBXFileReference; fileEncoding = 4; lastKnownFileType = sourcecode.c.h; path = RWTableViewController.h; sourceTree = "<group>"; };
		6D3189F0187C427400994DDF /* RWTableViewController.m */ = {isa = PBXFileReference; fileEncoding = 4; lastKnownFileType = sourcecode.c.objc; path = RWTableViewController.m; sourceTree = "<group>"; };
		6D3189F2187C42A800994DDF /* Images.xcassets */ = {isa = PBXFileReference; lastKnownFileType = folder.assetcatalog; path = Images.xcassets; sourceTree = "<group>"; };
		6D3189F4187C42BD00994DDF /* Storyboard.storyboard */ = {isa = PBXFileReference; fileEncoding = 4; lastKnownFileType = file.storyboard; path = Storyboard.storyboard; sourceTree = "<group>"; };
		6D3189F6187C438B00994DDF /* UIAlertView+RWBlock.h */ = {isa = PBXFileReference; fileEncoding = 4; lastKnownFileType = sourcecode.c.h; path = "UIAlertView+RWBlock.h"; sourceTree = "<group>"; };
		6D3189F7187C438B00994DDF /* UIAlertView+RWBlock.m */ = {isa = PBXFileReference; fileEncoding = 4; lastKnownFileType = sourcecode.c.objc; path = "UIAlertView+RWBlock.m"; sourceTree = "<group>"; };
/* End PBXFileReference section */

/* Begin PBXFrameworksBuildPhase section */
		6D3189B9187C422A00994DDF /* Frameworks */ = {
			isa = PBXFrameworksBuildPhase;
			buildActionMask = 2147483647;
			files = (
				6D3189C2187C422A00994DDF /* CoreGraphics.framework in Frameworks */,
				6D3189C4187C422A00994DDF /* UIKit.framework in Frameworks */,
				6D3189C0187C422A00994DDF /* Foundation.framework in Frameworks */,
			);
			runOnlyForDeploymentPostprocessing = 0;
		};
		6D3189D4187C422A00994DDF /* Frameworks */ = {
			isa = PBXFrameworksBuildPhase;
			buildActionMask = 2147483647;
			files = (
				6D3189D9187C422A00994DDF /* XCTest.framework in Frameworks */,
				6D3189DB187C422A00994DDF /* UIKit.framework in Frameworks */,
				6D3189DA187C422A00994DDF /* Foundation.framework in Frameworks */,
			);
			runOnlyForDeploymentPostprocessing = 0;
		};
/* End PBXFrameworksBuildPhase section */

/* Begin PBXGroup section */
		6D3189B3187C422A00994DDF = {
			isa = PBXGroup;
			children = (
				6D3189C5187C422A00994DDF /* UDo */,
				6D3189DE187C422A00994DDF /* UDoTests */,
				6D3189BE187C422A00994DDF /* Frameworks */,
				6D3189BD187C422A00994DDF /* Products */,
			);
			sourceTree = "<group>";
		};
		6D3189BD187C422A00994DDF /* Products */ = {
			isa = PBXGroup;
			children = (
				6D3189BC187C422A00994DDF /* UDo.app */,
				6D3189D7187C422A00994DDF /* UDoTests.xctest */,
			);
			name = Products;
			sourceTree = "<group>";
		};
		6D3189BE187C422A00994DDF /* Frameworks */ = {
			isa = PBXGroup;
			children = (
				6D3189BF187C422A00994DDF /* Foundation.framework */,
				6D3189C1187C422A00994DDF /* CoreGraphics.framework */,
				6D3189C3187C422A00994DDF /* UIKit.framework */,
				6D3189D8187C422A00994DDF /* XCTest.framework */,
			);
			name = Frameworks;
			sourceTree = "<group>";
		};
		6D3189C5187C422A00994DDF /* UDo */ = {
			isa = PBXGroup;
			children = (
				6D3189F4187C42BD00994DDF /* Storyboard.storyboard */,
				6D3189CE187C422A00994DDF /* RWAppDelegate.h */,
				6D3189CF187C422A00994DDF /* RWAppDelegate.m */,
				6D3189EF187C427400994DDF /* RWTableViewController.h */,
				6D3189F0187C427400994DDF /* RWTableViewController.m */,
				6D3189F6187C438B00994DDF /* UIAlertView+RWBlock.h */,
				6D3189F7187C438B00994DDF /* UIAlertView+RWBlock.m */,
				6D3189F2187C42A800994DDF /* Images.xcassets */,
				6D3189C6187C422A00994DDF /* Supporting Files */,
			);
			path = UDo;
			sourceTree = "<group>";
		};
		6D3189C6187C422A00994DDF /* Supporting Files */ = {
			isa = PBXGroup;
			children = (
				6D3189C7187C422A00994DDF /* UDo-Info.plist */,
				6D3189C8187C422A00994DDF /* InfoPlist.strings */,
				6D3189CB187C422A00994DDF /* main.m */,
				6D3189CD187C422A00994DDF /* UDo-Prefix.pch */,
			);
			name = "Supporting Files";
			sourceTree = "<group>";
		};
		6D3189DE187C422A00994DDF /* UDoTests */ = {
			isa = PBXGroup;
			children = (
				6D3189E4187C422A00994DDF /* UDoTests.m */,
				6D3189DF187C422A00994DDF /* Supporting Files */,
			);
			path = UDoTests;
			sourceTree = "<group>";
		};
		6D3189DF187C422A00994DDF /* Supporting Files */ = {
			isa = PBXGroup;
			children = (
				6D3189E0187C422A00994DDF /* UDoTests-Info.plist */,
				6D3189E1187C422A00994DDF /* InfoPlist.strings */,
			);
			name = "Supporting Files";
			sourceTree = "<group>";
		};
/* End PBXGroup section */

/* Begin PBXNativeTarget section */
		6D3189BB187C422A00994DDF /* UDo */ = {
			isa = PBXNativeTarget;
			buildConfigurationList = 6D3189E8187C422A00994DDF /* Build configuration list for PBXNativeTarget "UDo" */;
			buildPhases = (
				6D3189B8187C422A00994DDF /* Sources */,
				6D3189B9187C422A00994DDF /* Frameworks */,
				6D3189BA187C422A00994DDF /* Resources */,
			);
			buildRules = (
			);
			dependencies = (
			);
			name = UDo;
			productName = UDo;
			productReference = 6D3189BC187C422A00994DDF /* UDo.app */;
			productType = "com.apple.product-type.application";
		};
		6D3189D6187C422A00994DDF /* UDoTests */ = {
			isa = PBXNativeTarget;
			buildConfigurationList = 6D3189EB187C422A00994DDF /* Build configuration list for PBXNativeTarget "UDoTests" */;
			buildPhases = (
				6D3189D3187C422A00994DDF /* Sources */,
				6D3189D4187C422A00994DDF /* Frameworks */,
				6D3189D5187C422A00994DDF /* Resources */,
			);
			buildRules = (
			);
			dependencies = (
				6D3189DD187C422A00994DDF /* PBXTargetDependency */,
			);
			name = UDoTests;
			productName = UDoTests;
			productReference = 6D3189D7187C422A00994DDF /* UDoTests.xctest */;
			productType = "com.apple.product-type.bundle.unit-test";
		};
/* End PBXNativeTarget section */

/* Begin PBXProject section */
		6D3189B4187C422A00994DDF /* Project object */ = {
			isa = PBXProject;
			attributes = {
				CLASSPREFIX = RW;
				LastUpgradeCheck = 0500;
				ORGANIZATIONNAME = "Soheil Azarpour";
				TargetAttributes = {
					6D3189BB187C422A00994DDF = {
						DevelopmentTeam = 2X468FT7VV;
					};
					6D3189D6187C422A00994DDF = {
						TestTargetID = 6D3189BB187C422A00994DDF;
					};
				};
			};
			buildConfigurationList = 6D3189B7187C422A00994DDF /* Build configuration list for PBXProject "UDo" */;
			compatibilityVersion = "Xcode 3.2";
			developmentRegion = English;
			hasScannedForEncodings = 0;
			knownRegions = (
				en,
			);
			mainGroup = 6D3189B3187C422A00994DDF;
			productRefGroup = 6D3189BD187C422A00994DDF /* Products */;
			projectDirPath = "";
			projectRoot = "";
			targets = (
				6D3189BB187C422A00994DDF /* UDo */,
				6D3189D6187C422A00994DDF /* UDoTests */,
			);
		};
/* End PBXProject section */

/* Begin PBXResourcesBuildPhase section */
		6D3189BA187C422A00994DDF /* Resources */ = {
			isa = PBXResourcesBuildPhase;
			buildActionMask = 2147483647;
			files = (
				6D3189CA187C422A00994DDF /* InfoPlist.strings in Resources */,
				6D3189F3187C42A800994DDF /* Images.xcassets in Resources */,
				6D3189F5187C42BD00994DDF /* Storyboard.storyboard in Resources */,
			);
			runOnlyForDeploymentPostprocessing = 0;
		};
		6D3189D5187C422A00994DDF /* Resources */ = {
			isa = PBXResourcesBuildPhase;
			buildActionMask = 2147483647;
			files = (
				6D3189E3187C422A00994DDF /* InfoPlist.strings in Resources */,
			);
			runOnlyForDeploymentPostprocessing = 0;
		};
/* End PBXResourcesBuildPhase section */

/* Begin PBXSourcesBuildPhase section */
		6D3189B8187C422A00994DDF /* Sources */ = {
			isa = PBXSourcesBuildPhase;
			buildActionMask = 2147483647;
			files = (
				6D3189F8187C438B00994DDF /* UIAlertView+RWBlock.m in Sources */,
				6D3189CC187C422A00994DDF /* main.m in Sources */,
				6D3189F1187C427400994DDF /* RWTableViewController.m in Sources */,
				6D3189D0187C422A00994DDF /* RWAppDelegate.m in Sources */,
			);
			runOnlyForDeploymentPostprocessing = 0;
		};
		6D3189D3187C422A00994DDF /* Sources */ = {
			isa = PBXSourcesBuildPhase;
			buildActionMask = 2147483647;
			files = (
				6D3189E5187C422A00994DDF /* UDoTests.m in Sources */,
			);
			runOnlyForDeploymentPostprocessing = 0;
		};
/* End PBXSourcesBuildPhase section */

/* Begin PBXTargetDependency section */
		6D3189DD187C422A00994DDF /* PBXTargetDependency */ = {
			isa = PBXTargetDependency;
			target = 6D3189BB187C422A00994DDF /* UDo */;
			targetProxy = 6D3189DC187C422A00994DDF /* PBXContainerItemProxy */;
		};
/* End PBXTargetDependency section */

/* Begin PBXVariantGroup section */
		6D3189C8187C422A00994DDF /* InfoPlist.strings */ = {
			isa = PBXVariantGroup;
			children = (
				6D3189C9187C422A00994DDF /* en */,
			);
			name = InfoPlist.strings;
			sourceTree = "<group>";
		};
		6D3189E1187C422A00994DDF /* InfoPlist.strings */ = {
			isa = PBXVariantGroup;
			children = (
				6D3189E2187C422A00994DDF /* en */,
			);
			name = InfoPlist.strings;
			sourceTree = "<group>";
		};
/* End PBXVariantGroup section */

/* Begin XCBuildConfiguration section */
		6D3189E6187C422A00994DDF /* Debug */ = {
			isa = XCBuildConfiguration;
			buildSettings = {
				ALWAYS_SEARCH_USER_PATHS = NO;
				ARCHS = "$(ARCHS_STANDARD_INCLUDING_64_BIT)";
				CLANG_CXX_LANGUAGE_STANDARD = "gnu++0x";
				CLANG_CXX_LIBRARY = "libc++";
				CLANG_ENABLE_MODULES = YES;
				CLANG_ENABLE_OBJC_ARC = YES;
				CLANG_WARN_BOOL_CONVERSION = YES;
				CLANG_WARN_CONSTANT_CONVERSION = YES;
				CLANG_WARN_DIRECT_OBJC_ISA_USAGE = YES_ERROR;
				CLANG_WARN_EMPTY_BODY = YES;
				CLANG_WARN_ENUM_CONVERSION = YES;
				CLANG_WARN_INT_CONVERSION = YES;
				CLANG_WARN_OBJC_ROOT_CLASS = YES_ERROR;
				CLANG_WARN__DUPLICATE_METHOD_MATCH = YES;
				"CODE_SIGN_IDENTITY[sdk=iphoneos*]" = "iPhone Developer";
				COPY_PHASE_STRIP = NO;
				GCC_C_LANGUAGE_STANDARD = gnu99;
				GCC_DYNAMIC_NO_PIC = NO;
				GCC_OPTIMIZATION_LEVEL = 0;
				GCC_PREPROCESSOR_DEFINITIONS = (
					"DEBUG=1",
					"$(inherited)",
				);
				GCC_SYMBOLS_PRIVATE_EXTERN = NO;
				GCC_WARN_64_TO_32_BIT_CONVERSION = YES;
				GCC_WARN_ABOUT_RETURN_TYPE = YES_ERROR;
				GCC_WARN_UNDECLARED_SELECTOR = YES;
				GCC_WARN_UNINITIALIZED_AUTOS = YES;
				GCC_WARN_UNUSED_FUNCTION = YES;
				GCC_WARN_UNUSED_VARIABLE = YES;
				IPHONEOS_DEPLOYMENT_TARGET = 7.0;
				ONLY_ACTIVE_ARCH = YES;
				SDKROOT = iphoneos;
			};
			name = Debug;
		};
		6D3189E7187C422A00994DDF /* Release */ = {
			isa = XCBuildConfiguration;
			buildSettings = {
				ALWAYS_SEARCH_USER_PATHS = NO;
				ARCHS = "$(ARCHS_STANDARD_INCLUDING_64_BIT)";
				CLANG_CXX_LANGUAGE_STANDARD = "gnu++0x";
				CLANG_CXX_LIBRARY = "libc++";
				CLANG_ENABLE_MODULES = YES;
				CLANG_ENABLE_OBJC_ARC = YES;
				CLANG_WARN_BOOL_CONVERSION = YES;
				CLANG_WARN_CONSTANT_CONVERSION = YES;
				CLANG_WARN_DIRECT_OBJC_ISA_USAGE = YES_ERROR;
				CLANG_WARN_EMPTY_BODY = YES;
				CLANG_WARN_ENUM_CONVERSION = YES;
				CLANG_WARN_INT_CONVERSION = YES;
				CLANG_WARN_OBJC_ROOT_CLASS = YES_ERROR;
				CLANG_WARN__DUPLICATE_METHOD_MATCH = YES;
				"CODE_SIGN_IDENTITY[sdk=iphoneos*]" = "iPhone Developer";
				COPY_PHASE_STRIP = YES;
				ENABLE_NS_ASSERTIONS = NO;
				GCC_C_LANGUAGE_STANDARD = gnu99;
				GCC_WARN_64_TO_32_BIT_CONVERSION = YES;
				GCC_WARN_ABOUT_RETURN_TYPE = YES_ERROR;
				GCC_WARN_UNDECLARED_SELECTOR = YES;
				GCC_WARN_UNINITIALIZED_AUTOS = YES;
				GCC_WARN_UNUSED_FUNCTION = YES;
				GCC_WARN_UNUSED_VARIABLE = YES;
				IPHONEOS_DEPLOYMENT_TARGET = 7.0;
				SDKROOT = iphoneos;
				VALIDATE_PRODUCT = YES;
			};
			name = Release;
		};
		6D3189E9187C422A00994DDF /* Debug */ = {
			isa = XCBuildConfiguration;
			buildSettings = {
				ASSETCATALOG_COMPILER_APPICON_NAME = AppIcon;
				ASSETCATALOG_COMPILER_LAUNCHIMAGE_NAME = LaunchImage;
				CODE_SIGN_IDENTITY = "iPhone Developer";
				GCC_PRECOMPILE_PREFIX_HEADER = YES;
				GCC_PREFIX_HEADER = "UDo/UDo-Prefix.pch";
				INFOPLIST_FILE = "UDo/UDo-Info.plist";
				PRODUCT_NAME = "$(TARGET_NAME)";
				WRAPPER_EXTENSION = app;
			};
			name = Debug;
		};
		6D3189EA187C422A00994DDF /* Release */ = {
			isa = XCBuildConfiguration;
			buildSettings = {
				ASSETCATALOG_COMPILER_APPICON_NAME = AppIcon;
				ASSETCATALOG_COMPILER_LAUNCHIMAGE_NAME = LaunchImage;
				CODE_SIGN_IDENTITY = "iPhone Developer";
				GCC_PRECOMPILE_PREFIX_HEADER = YES;
				GCC_PREFIX_HEADER = "UDo/UDo-Prefix.pch";
				INFOPLIST_FILE = "UDo/UDo-Info.plist";
				PRODUCT_NAME = "$(TARGET_NAME)";
				WRAPPER_EXTENSION = app;
			};
			name = Release;
		};
		6D3189EC187C422A00994DDF /* Debug */ = {
			isa = XCBuildConfiguration;
			buildSettings = {
				ARCHS = "$(ARCHS_STANDARD_INCLUDING_64_BIT)";
				BUNDLE_LOADER = "$(BUILT_PRODUCTS_DIR)/UDo.app/UDo";
				FRAMEWORK_SEARCH_PATHS = (
					"$(SDKROOT)/Developer/Library/Frameworks",
					"$(inherited)",
					"$(DEVELOPER_FRAMEWORKS_DIR)",
				);
				GCC_PRECOMPILE_PREFIX_HEADER = YES;
				GCC_PREFIX_HEADER = "UDo/UDo-Prefix.pch";
				GCC_PREPROCESSOR_DEFINITIONS = (
					"DEBUG=1",
					"$(inherited)",
				);
				INFOPLIST_FILE = "UDoTests/UDoTests-Info.plist";
				PRODUCT_NAME = "$(TARGET_NAME)";
				TEST_HOST = "$(BUNDLE_LOADER)";
				WRAPPER_EXTENSION = xctest;
			};
			name = Debug;
		};
		6D3189ED187C422A00994DDF /* Release */ = {
			isa = XCBuildConfiguration;
			buildSettings = {
				ARCHS = "$(ARCHS_STANDARD_INCLUDING_64_BIT)";
				BUNDLE_LOADER = "$(BUILT_PRODUCTS_DIR)/UDo.app/UDo";
				FRAMEWORK_SEARCH_PATHS = (
					"$(SDKROOT)/Developer/Library/Frameworks",
					"$(inherited)",
					"$(DEVELOPER_FRAMEWORKS_DIR)",
				);
				GCC_PRECOMPILE_PREFIX_HEADER = YES;
				GCC_PREFIX_HEADER = "UDo/UDo-Prefix.pch";
				INFOPLIST_FILE = "UDoTests/UDoTests-Info.plist";
				PRODUCT_NAME = "$(TARGET_NAME)";
				TEST_HOST = "$(BUNDLE_LOADER)";
				WRAPPER_EXTENSION = xctest;
			};
			name = Release;
		};
/* End XCBuildConfiguration section */

/* Begin XCConfigurationList section */
		6D3189B7187C422A00994DDF /* Build configuration list for PBXProject "UDo" */ = {
			isa = XCConfigurationList;
			buildConfigurations = (
				6D3189E6187C422A00994DDF /* Debug */,
				6D3189E7187C422A00994DDF /* Release */,
			);
			defaultConfigurationIsVisible = 0;
			defaultConfigurationName = Release;
		};
		6D3189E8187C422A00994DDF /* Build configuration list for PBXNativeTarget "UDo" */ = {
			isa = XCConfigurationList;
			buildConfigurations = (
				6D3189E9187C422A00994DDF /* Debug */,
				6D3189EA187C422A00994DDF /* Release */,
			);
			defaultConfigurationIsVisible = 0;
			defaultConfigurationName = Release;
		};
		6D3189EB187C422A00994DDF /* Build configuration list for PBXNativeTarget "UDoTests" */ = {
			isa = XCConfigurationList;
			buildConfigurations = (
				6D3189EC187C422A00994DDF /* Debug */,
				6D3189ED187C422A00994DDF /* Release */,
			);
			defaultConfigurationIsVisible = 0;
			defaultConfigurationName = Release;
		};
/* End XCConfigurationList section */
	};
	rootObject = 6D3189B4187C422A00994DDF /* Project object */;
}
